
Microsoft Visual Studio Solution File, Format Version 12.00
# Visual Studio Version 17
VisualStudioVersion = 17.5.33502.453
MinimumVisualStudioVersion = 10.0.40219.1
Project("{FAE04EC0-301F-11D3-BF4B-00C04F79EFBC}") = "RF_Kliensalkalmazás", "RF_Kliensalkalmazás\RF_Kliensalkalmazás.csproj", "{F16E497A-D1D4-4B79-9C9F-246BB2E11E7C}"
EndProject
Project("{FAE04EC0-301F-11D3-BF4B-00C04F79EFBC}") = "RF_Kliensalkalmazás.Tests", "UnitTestKliens.Test\RF_Kliensalkalmazás.Tests.csproj", "{C16B6D01-9CAC-4242-BE2B-85B2314D0C9C}"
EndProject
Global
	GlobalSection(SolutionConfigurationPlatforms) = preSolution
		Debug|Any CPU = Debug|Any CPU
		Release|Any CPU = Release|Any CPU
	EndGlobalSection
	GlobalSection(ProjectConfigurationPlatforms) = postSolution
		{F16E497A-D1D4-4B79-9C9F-246BB2E11E7C}.Debug|Any CPU.ActiveCfg = Debug|Any CPU
		{F16E497A-D1D4-4B79-9C9F-246BB2E11E7C}.Debug|Any CPU.Build.0 = Debug|Any CPU
		{F16E497A-D1D4-4B79-9C9F-246BB2E11E7C}.Release|Any CPU.ActiveCfg = Release|Any CPU
		{F16E497A-D1D4-4B79-9C9F-246BB2E11E7C}.Release|Any CPU.Build.0 = Release|Any CPU
		{C16B6D01-9CAC-4242-BE2B-85B2314D0C9C}.Debug|Any CPU.ActiveCfg = Debug|Any CPU
		{C16B6D01-9CAC-4242-BE2B-85B2314D0C9C}.Debug|Any CPU.Build.0 = Debug|Any CPU
		{C16B6D01-9CAC-4242-BE2B-85B2314D0C9C}.Release|Any CPU.ActiveCfg = Release|Any CPU
		{C16B6D01-9CAC-4242-BE2B-85B2314D0C9C}.Release|Any CPU.Build.0 = Release|Any CPU
	EndGlobalSection
	GlobalSection(SolutionProperties) = preSolution
		HideSolutionNode = FALSE
	EndGlobalSection
	GlobalSection(ExtensibilityGlobals) = postSolution
		SolutionGuid = {D48D8DCC-F88B-414C-AC37-D9EA793C7B41}
	EndGlobalSection
EndGlobal
